
Microsoft Visual Studio Solution File, Format Version 12.00
# Visual Studio Version 17
VisualStudioVersion = 17.10.35013.160
MinimumVisualStudioVersion = 10.0.40219.1
Project("{FAE04EC0-301F-11D3-BF4B-00C04F79EFBC}") = "Demo", "Demo.csproj", "{D443A7C4-327F-4E04-9CA2-3A0D65DFC828}"
EndProject
Global
	GlobalSection(SolutionConfigurationPlatforms) = preSolution
		Debug|Any CPU = Debug|Any CPU
		Release|Any CPU = Release|Any CPU
	EndGlobalSection
	GlobalSection(ProjectConfigurationPlatforms) = postSolution
		{D443A7C4-327F-4E04-9CA2-3A0D65DFC828}.Debug|Any CPU.ActiveCfg = Debug|Any CPU
		{D443A7C4-327F-4E04-9CA2-3A0D65DFC828}.Debug|Any CPU.Build.0 = Debug|Any CPU
		{D443A7C4-327F-4E04-9CA2-3A0D65DFC828}.Release|Any CPU.ActiveCfg = Release|Any CPU
		{D443A7C4-327F-4E04-9CA2-3A0D65DFC828}.Release|Any CPU.Build.0 = Release|Any CPU
	EndGlobalSection
	GlobalSection(SolutionProperties) = preSolution
		HideSolutionNode = FALSE
	EndGlobalSection
	GlobalSection(ExtensibilityGlobals) = postSolution
		SolutionGuid = {B9CB6CF0-4E42-44F4-8E03-36A047C58118}
	EndGlobalSection
EndGlobal
